
Microsoft Visual Studio Solution File, Format Version 12.00
# Visual Studio Version 16
VisualStudioVersion = 16.0.32002.261
MinimumVisualStudioVersion = 10.0.40219.1
Project("{9A19103F-16F7-4668-BE54-9A1E7A4F7556}") = "Arrays Lab", "Arrays Lab\Arrays Lab.csproj", "{3FFF5825-A4FE-4B54-B817-23B358114C90}"
EndProject
Project("{9A19103F-16F7-4668-BE54-9A1E7A4F7556}") = "1. Day of Week", "1. Day of Week\1. Day of Week.csproj", "{30CA1686-6023-4122-9C16-AEC3C2179157}"
EndProject
Project("{FAE04EC0-301F-11D3-BF4B-00C04F79EFBC}") = "02. Print Numbers in Reverse Order", "02. Print Numbers in Reverse Order\02. Print Numbers in Reverse Order.csproj", "{336E4DC0-AEED-4FCC-B272-61D9A21323F3}"
EndProject
Project("{FAE04EC0-301F-11D3-BF4B-00C04F79EFBC}") = "03. Rounding Numbers", "03. Rounding Numbers\03. Rounding Numbers.csproj", "{F68FF493-C9BB-469D-99E3-A5A1221712E1}"
EndProject
Project("{FAE04EC0-301F-11D3-BF4B-00C04F79EFBC}") = "04. Reverse Array of Strings", "04. Reverse Array of Strings\04. Reverse Array of Strings.csproj", "{E07683C3-96C1-4909-9A24-851EAA98669F}"
EndProject
Project("{FAE04EC0-301F-11D3-BF4B-00C04F79EFBC}") = "05. Sum Even Numbers", "05. Sum Even Numbers\05. Sum Even Numbers.csproj", "{B9DC7B4A-DA3D-4790-B674-0B675ACD931B}"
EndProject
Project("{FAE04EC0-301F-11D3-BF4B-00C04F79EFBC}") = "06. Even and Odd Subtraction", "06. Even and Odd Subtraction\06. Even and Odd Subtraction.csproj", "{428EC602-F22B-4D94-8752-1E9AC245062A}"
EndProject
Project("{FAE04EC0-301F-11D3-BF4B-00C04F79EFBC}") = "07. Equal Arrays", "07. Equal Arrays\07. Equal Arrays.csproj", "{47057CDE-A888-4438-A035-B004716B5F5F}"
EndProject
Project("{FAE04EC0-301F-11D3-BF4B-00C04F79EFBC}") = "08. Condense Array to Number", "08. Condense Array to Number\08. Condense Array to Number.csproj", "{01C6F960-D008-4EEB-B9BA-BD15E372A618}"
EndProject
Global
	GlobalSection(SolutionConfigurationPlatforms) = preSolution
		Debug|Any CPU = Debug|Any CPU
		Release|Any CPU = Release|Any CPU
	EndGlobalSection
	GlobalSection(ProjectConfigurationPlatforms) = postSolution
		{3FFF5825-A4FE-4B54-B817-23B358114C90}.Debug|Any CPU.ActiveCfg = Debug|Any CPU
		{3FFF5825-A4FE-4B54-B817-23B358114C90}.Debug|Any CPU.Build.0 = Debug|Any CPU
		{3FFF5825-A4FE-4B54-B817-23B358114C90}.Release|Any CPU.ActiveCfg = Release|Any CPU
		{3FFF5825-A4FE-4B54-B817-23B358114C90}.Release|Any CPU.Build.0 = Release|Any CPU
		{30CA1686-6023-4122-9C16-AEC3C2179157}.Debug|Any CPU.ActiveCfg = Debug|Any CPU
		{30CA1686-6023-4122-9C16-AEC3C2179157}.Debug|Any CPU.Build.0 = Debug|Any CPU
		{30CA1686-6023-4122-9C16-AEC3C2179157}.Release|Any CPU.ActiveCfg = Release|Any CPU
		{30CA1686-6023-4122-9C16-AEC3C2179157}.Release|Any CPU.Build.0 = Release|Any CPU
		{336E4DC0-AEED-4FCC-B272-61D9A21323F3}.Debug|Any CPU.ActiveCfg = Debug|Any CPU
		{336E4DC0-AEED-4FCC-B272-61D9A21323F3}.Debug|Any CPU.Build.0 = Debug|Any CPU
		{336E4DC0-AEED-4FCC-B272-61D9A21323F3}.Release|Any CPU.ActiveCfg = Release|Any CPU
		{336E4DC0-AEED-4FCC-B272-61D9A21323F3}.Release|Any CPU.Build.0 = Release|Any CPU
		{F68FF493-C9BB-469D-99E3-A5A1221712E1}.Debug|Any CPU.ActiveCfg = Debug|Any CPU
		{F68FF493-C9BB-469D-99E3-A5A1221712E1}.Debug|Any CPU.Build.0 = Debug|Any CPU
		{F68FF493-C9BB-469D-99E3-A5A1221712E1}.Release|Any CPU.ActiveCfg = Release|Any CPU
		{F68FF493-C9BB-469D-99E3-A5A1221712E1}.Release|Any CPU.Build.0 = Release|Any CPU
		{E07683C3-96C1-4909-9A24-851EAA98669F}.Debug|Any CPU.ActiveCfg = Debug|Any CPU
		{E07683C3-96C1-4909-9A24-851EAA98669F}.Debug|Any CPU.Build.0 = Debug|Any CPU
		{E07683C3-96C1-4909-9A24-851EAA98669F}.Release|Any CPU.ActiveCfg = Release|Any CPU
		{E07683C3-96C1-4909-9A24-851EAA98669F}.Release|Any CPU.Build.0 = Release|Any CPU
		{B9DC7B4A-DA3D-4790-B674-0B675ACD931B}.Debug|Any CPU.ActiveCfg = Debug|Any CPU
		{B9DC7B4A-DA3D-4790-B674-0B675ACD931B}.Debug|Any CPU.Build.0 = Debug|Any CPU
		{B9DC7B4A-DA3D-4790-B674-0B675ACD931B}.Release|Any CPU.ActiveCfg = Release|Any CPU
		{B9DC7B4A-DA3D-4790-B674-0B675ACD931B}.Release|Any CPU.Build.0 = Release|Any CPU
		{428EC602-F22B-4D94-8752-1E9AC245062A}.Debug|Any CPU.ActiveCfg = Debug|Any CPU
		{428EC602-F22B-4D94-8752-1E9AC245062A}.Debug|Any CPU.Build.0 = Debug|Any CPU
		{428EC602-F22B-4D94-8752-1E9AC245062A}.Release|Any CPU.ActiveCfg = Release|Any CPU
		{428EC602-F22B-4D94-8752-1E9AC245062A}.Release|Any CPU.Build.0 = Release|Any CPU
		{47057CDE-A888-4438-A035-B004716B5F5F}.Debug|Any CPU.ActiveCfg = Debug|Any CPU
		{47057CDE-A888-4438-A035-B004716B5F5F}.Debug|Any CPU.Build.0 = Debug|Any CPU
		{47057CDE-A888-4438-A035-B004716B5F5F}.Release|Any CPU.ActiveCfg = Release|Any CPU
		{47057CDE-A888-4438-A035-B004716B5F5F}.Release|Any CPU.Build.0 = Release|Any CPU
		{01C6F960-D008-4EEB-B9BA-BD15E372A618}.Debug|Any CPU.ActiveCfg = Debug|Any CPU
		{01C6F960-D008-4EEB-B9BA-BD15E372A618}.Debug|Any CPU.Build.0 = Debug|Any CPU
		{01C6F960-D008-4EEB-B9BA-BD15E372A618}.Release|Any CPU.ActiveCfg = Release|Any CPU
		{01C6F960-D008-4EEB-B9BA-BD15E372A618}.Release|Any CPU.Build.0 = Release|Any CPU
	EndGlobalSection
	GlobalSection(SolutionProperties) = preSolution
		HideSolutionNode = FALSE
	EndGlobalSection
	GlobalSection(ExtensibilityGlobals) = postSolution
		SolutionGuid = {48BDE686-6747-4DB5-882F-3D1813B59B73}
	EndGlobalSection
EndGlobal
