
Microsoft Visual Studio Solution File, Format Version 12.00
# Visual Studio Version 16
VisualStudioVersion = 16.0.32002.261
MinimumVisualStudioVersion = 10.0.40219.1
Project("{FAE04EC0-301F-11D3-BF4B-00C04F79EFBC}") = "01. Sign of Integer Numbers", "ConsoleApp3\01. Sign of Integer Numbers.csproj", "{E1B28B08-37F2-41F8-A9BC-2571190B3E7C}"
EndProject
Project("{FAE04EC0-301F-11D3-BF4B-00C04F79EFBC}") = "02. Grades", "02. Grades\02. Grades.csproj", "{887B88DA-91EE-4780-976F-076B81A7B95A}"
EndProject
Project("{FAE04EC0-301F-11D3-BF4B-00C04F79EFBC}") = "03. Calculations", "03. Calculations\03. Calculations.csproj", "{50994A04-F153-408B-923D-D31B57BB7DE8}"
EndProject
Project("{FAE04EC0-301F-11D3-BF4B-00C04F79EFBC}") = "04. Printing Triangle", "04. Printing Triangle\04. Printing Triangle.csproj", "{38724E90-9B35-46CB-A5C4-2F0535455864}"
EndProject
Project("{FAE04EC0-301F-11D3-BF4B-00C04F79EFBC}") = "05. Orders", "05. Orders\05. Orders.csproj", "{13F31A69-D756-4BFC-8BFD-387433636795}"
EndProject
Project("{FAE04EC0-301F-11D3-BF4B-00C04F79EFBC}") = "06. Calculate Rectangle Area", "06. Calculate Rectangle Area\06. Calculate Rectangle Area.csproj", "{D78B9E91-BAC5-4BCE-8399-DAEC4B3200F3}"
EndProject
Project("{FAE04EC0-301F-11D3-BF4B-00C04F79EFBC}") = "07. Repeat String", "07. Repeat String\07. Repeat String.csproj", "{EF8766B2-FCA8-4899-B967-47D305756CBE}"
EndProject
Project("{FAE04EC0-301F-11D3-BF4B-00C04F79EFBC}") = "08. Math Power", "08. Math Power\08. Math Power.csproj", "{3B5055F6-B791-4809-949F-96A415F7EE11}"
EndProject
Project("{FAE04EC0-301F-11D3-BF4B-00C04F79EFBC}") = "09. Greater of Two Values", "09. Greater of Two Values\09. Greater of Two Values.csproj", "{0692F542-D775-4653-AD97-710F86944BCB}"
EndProject
Project("{FAE04EC0-301F-11D3-BF4B-00C04F79EFBC}") = "10. Multiply Evens by Odds", "10. Multiply Evens by Odds\10. Multiply Evens by Odds.csproj", "{2776C62C-180F-4351-928E-CAF03C3B8C55}"
EndProject
Project("{FAE04EC0-301F-11D3-BF4B-00C04F79EFBC}") = "11. Math operations", "11. Math operations\11. Math operations.csproj", "{BB5069D9-BB7D-4112-AD67-9492AA4D8A3A}"
EndProject
Global
	GlobalSection(SolutionConfigurationPlatforms) = preSolution
		Debug|Any CPU = Debug|Any CPU
		Release|Any CPU = Release|Any CPU
	EndGlobalSection
	GlobalSection(ProjectConfigurationPlatforms) = postSolution
		{E1B28B08-37F2-41F8-A9BC-2571190B3E7C}.Debug|Any CPU.ActiveCfg = Debug|Any CPU
		{E1B28B08-37F2-41F8-A9BC-2571190B3E7C}.Debug|Any CPU.Build.0 = Debug|Any CPU
		{E1B28B08-37F2-41F8-A9BC-2571190B3E7C}.Release|Any CPU.ActiveCfg = Release|Any CPU
		{E1B28B08-37F2-41F8-A9BC-2571190B3E7C}.Release|Any CPU.Build.0 = Release|Any CPU
		{887B88DA-91EE-4780-976F-076B81A7B95A}.Debug|Any CPU.ActiveCfg = Debug|Any CPU
		{887B88DA-91EE-4780-976F-076B81A7B95A}.Debug|Any CPU.Build.0 = Debug|Any CPU
		{887B88DA-91EE-4780-976F-076B81A7B95A}.Release|Any CPU.ActiveCfg = Release|Any CPU
		{887B88DA-91EE-4780-976F-076B81A7B95A}.Release|Any CPU.Build.0 = Release|Any CPU
		{50994A04-F153-408B-923D-D31B57BB7DE8}.Debug|Any CPU.ActiveCfg = Debug|Any CPU
		{50994A04-F153-408B-923D-D31B57BB7DE8}.Debug|Any CPU.Build.0 = Debug|Any CPU
		{50994A04-F153-408B-923D-D31B57BB7DE8}.Release|Any CPU.ActiveCfg = Release|Any CPU
		{50994A04-F153-408B-923D-D31B57BB7DE8}.Release|Any CPU.Build.0 = Release|Any CPU
		{38724E90-9B35-46CB-A5C4-2F0535455864}.Debug|Any CPU.ActiveCfg = Debug|Any CPU
		{38724E90-9B35-46CB-A5C4-2F0535455864}.Debug|Any CPU.Build.0 = Debug|Any CPU
		{38724E90-9B35-46CB-A5C4-2F0535455864}.Release|Any CPU.ActiveCfg = Release|Any CPU
		{38724E90-9B35-46CB-A5C4-2F0535455864}.Release|Any CPU.Build.0 = Release|Any CPU
		{13F31A69-D756-4BFC-8BFD-387433636795}.Debug|Any CPU.ActiveCfg = Debug|Any CPU
		{13F31A69-D756-4BFC-8BFD-387433636795}.Debug|Any CPU.Build.0 = Debug|Any CPU
		{13F31A69-D756-4BFC-8BFD-387433636795}.Release|Any CPU.ActiveCfg = Release|Any CPU
		{13F31A69-D756-4BFC-8BFD-387433636795}.Release|Any CPU.Build.0 = Release|Any CPU
		{D78B9E91-BAC5-4BCE-8399-DAEC4B3200F3}.Debug|Any CPU.ActiveCfg = Debug|Any CPU
		{D78B9E91-BAC5-4BCE-8399-DAEC4B3200F3}.Debug|Any CPU.Build.0 = Debug|Any CPU
		{D78B9E91-BAC5-4BCE-8399-DAEC4B3200F3}.Release|Any CPU.ActiveCfg = Release|Any CPU
		{D78B9E91-BAC5-4BCE-8399-DAEC4B3200F3}.Release|Any CPU.Build.0 = Release|Any CPU
		{EF8766B2-FCA8-4899-B967-47D305756CBE}.Debug|Any CPU.ActiveCfg = Debug|Any CPU
		{EF8766B2-FCA8-4899-B967-47D305756CBE}.Debug|Any CPU.Build.0 = Debug|Any CPU
		{EF8766B2-FCA8-4899-B967-47D305756CBE}.Release|Any CPU.ActiveCfg = Release|Any CPU
		{EF8766B2-FCA8-4899-B967-47D305756CBE}.Release|Any CPU.Build.0 = Release|Any CPU
		{3B5055F6-B791-4809-949F-96A415F7EE11}.Debug|Any CPU.ActiveCfg = Debug|Any CPU
		{3B5055F6-B791-4809-949F-96A415F7EE11}.Debug|Any CPU.Build.0 = Debug|Any CPU
		{3B5055F6-B791-4809-949F-96A415F7EE11}.Release|Any CPU.ActiveCfg = Release|Any CPU
		{3B5055F6-B791-4809-949F-96A415F7EE11}.Release|Any CPU.Build.0 = Release|Any CPU
		{0692F542-D775-4653-AD97-710F86944BCB}.Debug|Any CPU.ActiveCfg = Debug|Any CPU
		{0692F542-D775-4653-AD97-710F86944BCB}.Debug|Any CPU.Build.0 = Debug|Any CPU
		{0692F542-D775-4653-AD97-710F86944BCB}.Release|Any CPU.ActiveCfg = Release|Any CPU
		{0692F542-D775-4653-AD97-710F86944BCB}.Release|Any CPU.Build.0 = Release|Any CPU
		{2776C62C-180F-4351-928E-CAF03C3B8C55}.Debug|Any CPU.ActiveCfg = Debug|Any CPU
		{2776C62C-180F-4351-928E-CAF03C3B8C55}.Debug|Any CPU.Build.0 = Debug|Any CPU
		{2776C62C-180F-4351-928E-CAF03C3B8C55}.Release|Any CPU.ActiveCfg = Release|Any CPU
		{2776C62C-180F-4351-928E-CAF03C3B8C55}.Release|Any CPU.Build.0 = Release|Any CPU
		{BB5069D9-BB7D-4112-AD67-9492AA4D8A3A}.Debug|Any CPU.ActiveCfg = Debug|Any CPU
		{BB5069D9-BB7D-4112-AD67-9492AA4D8A3A}.Debug|Any CPU.Build.0 = Debug|Any CPU
		{BB5069D9-BB7D-4112-AD67-9492AA4D8A3A}.Release|Any CPU.ActiveCfg = Release|Any CPU
		{BB5069D9-BB7D-4112-AD67-9492AA4D8A3A}.Release|Any CPU.Build.0 = Release|Any CPU
	EndGlobalSection
	GlobalSection(SolutionProperties) = preSolution
		HideSolutionNode = FALSE
	EndGlobalSection
	GlobalSection(ExtensibilityGlobals) = postSolution
		SolutionGuid = {22CD62C6-A799-4ED2-83AB-5F54D4FA2D5E}
	EndGlobalSection
EndGlobal
