
Microsoft Visual Studio Solution File, Format Version 12.00
# Visual Studio Version 16
VisualStudioVersion = 16.0.32002.261
MinimumVisualStudioVersion = 10.0.40219.1
Project("{9A19103F-16F7-4668-BE54-9A1E7A4F7556}") = "01. Reverse Strings", "01. Reverse Strings\01. Reverse Strings.csproj", "{8C4003FA-B7AF-47E6-9120-A05BDA51E822}"
EndProject
Project("{FAE04EC0-301F-11D3-BF4B-00C04F79EFBC}") = "02. Repeat Strings", "02. Repeat Strings\02. Repeat Strings.csproj", "{E3ED83E5-FA74-4DCE-9354-ECEEAE231AAF}"
EndProject
Project("{FAE04EC0-301F-11D3-BF4B-00C04F79EFBC}") = "03. Substring", "03. Substring\03. Substring.csproj", "{7C87CB34-46BC-4612-9152-F36CCBD162FE}"
EndProject
Project("{FAE04EC0-301F-11D3-BF4B-00C04F79EFBC}") = "04. Text Filter", "04. Text Filter\04. Text Filter.csproj", "{4C035B4C-4003-492F-8D21-828D9CF5E4E2}"
EndProject
Project("{FAE04EC0-301F-11D3-BF4B-00C04F79EFBC}") = "05. Digits, Letters and Other", "05. Digits, Letters and Other\05. Digits, Letters and Other.csproj", "{EAC82F21-B65C-40DF-831C-797D75A038C7}"
EndProject
Global
	GlobalSection(SolutionConfigurationPlatforms) = preSolution
		Debug|Any CPU = Debug|Any CPU
		Release|Any CPU = Release|Any CPU
	EndGlobalSection
	GlobalSection(ProjectConfigurationPlatforms) = postSolution
		{8C4003FA-B7AF-47E6-9120-A05BDA51E822}.Debug|Any CPU.ActiveCfg = Debug|Any CPU
		{8C4003FA-B7AF-47E6-9120-A05BDA51E822}.Debug|Any CPU.Build.0 = Debug|Any CPU
		{8C4003FA-B7AF-47E6-9120-A05BDA51E822}.Release|Any CPU.ActiveCfg = Release|Any CPU
		{8C4003FA-B7AF-47E6-9120-A05BDA51E822}.Release|Any CPU.Build.0 = Release|Any CPU
		{E3ED83E5-FA74-4DCE-9354-ECEEAE231AAF}.Debug|Any CPU.ActiveCfg = Debug|Any CPU
		{E3ED83E5-FA74-4DCE-9354-ECEEAE231AAF}.Debug|Any CPU.Build.0 = Debug|Any CPU
		{E3ED83E5-FA74-4DCE-9354-ECEEAE231AAF}.Release|Any CPU.ActiveCfg = Release|Any CPU
		{E3ED83E5-FA74-4DCE-9354-ECEEAE231AAF}.Release|Any CPU.Build.0 = Release|Any CPU
		{7C87CB34-46BC-4612-9152-F36CCBD162FE}.Debug|Any CPU.ActiveCfg = Debug|Any CPU
		{7C87CB34-46BC-4612-9152-F36CCBD162FE}.Debug|Any CPU.Build.0 = Debug|Any CPU
		{7C87CB34-46BC-4612-9152-F36CCBD162FE}.Release|Any CPU.ActiveCfg = Release|Any CPU
		{7C87CB34-46BC-4612-9152-F36CCBD162FE}.Release|Any CPU.Build.0 = Release|Any CPU
		{4C035B4C-4003-492F-8D21-828D9CF5E4E2}.Debug|Any CPU.ActiveCfg = Debug|Any CPU
		{4C035B4C-4003-492F-8D21-828D9CF5E4E2}.Debug|Any CPU.Build.0 = Debug|Any CPU
		{4C035B4C-4003-492F-8D21-828D9CF5E4E2}.Release|Any CPU.ActiveCfg = Release|Any CPU
		{4C035B4C-4003-492F-8D21-828D9CF5E4E2}.Release|Any CPU.Build.0 = Release|Any CPU
		{EAC82F21-B65C-40DF-831C-797D75A038C7}.Debug|Any CPU.ActiveCfg = Debug|Any CPU
		{EAC82F21-B65C-40DF-831C-797D75A038C7}.Debug|Any CPU.Build.0 = Debug|Any CPU
		{EAC82F21-B65C-40DF-831C-797D75A038C7}.Release|Any CPU.ActiveCfg = Release|Any CPU
		{EAC82F21-B65C-40DF-831C-797D75A038C7}.Release|Any CPU.Build.0 = Release|Any CPU
	EndGlobalSection
	GlobalSection(SolutionProperties) = preSolution
		HideSolutionNode = FALSE
	EndGlobalSection
	GlobalSection(ExtensibilityGlobals) = postSolution
		SolutionGuid = {92814B00-79EC-44DA-B2DD-3508B826E820}
	EndGlobalSection
EndGlobal
