
Microsoft Visual Studio Solution File, Format Version 12.00
# Visual Studio Version 16
VisualStudioVersion = 16.0.32002.261
MinimumVisualStudioVersion = 10.0.40219.1
Project("{FAE04EC0-301F-11D3-BF4B-00C04F79EFBC}") = "01. Count Chars in a String", "01. Count Chars in a String\01. Count Chars in a String.csproj", "{107C73CA-8FC4-442E-8C6C-687402E1CEBA}"
EndProject
Project("{FAE04EC0-301F-11D3-BF4B-00C04F79EFBC}") = "02. A Miner Task", "02. A Miner Task\02. A Miner Task.csproj", "{9AAC3FD7-530B-40D6-9609-E444F8BCEE7F}"
EndProject
Project("{FAE04EC0-301F-11D3-BF4B-00C04F79EFBC}") = "03. Orders", "03. Orders\03. Orders.csproj", "{46E81E77-BADA-4524-BF5F-BFAB5D27716E}"
EndProject
Project("{FAE04EC0-301F-11D3-BF4B-00C04F79EFBC}") = "04. SoftUni Parking", "04. SoftUni Parking\04. SoftUni Parking.csproj", "{F9F8AFB6-568F-4156-AD94-9881C03CB8A7}"
EndProject
Project("{FAE04EC0-301F-11D3-BF4B-00C04F79EFBC}") = "05. Courses", "05. Courses\05. Courses.csproj", "{2594386F-5227-4CC0-8552-F276AB1764F9}"
EndProject
Project("{FAE04EC0-301F-11D3-BF4B-00C04F79EFBC}") = "06. Student Academy", "06. Student Academy\06. Student Academy.csproj", "{E3D2F0DE-D08B-4D7F-AED9-C7F806771F3A}"
EndProject
Project("{FAE04EC0-301F-11D3-BF4B-00C04F79EFBC}") = "07. Company Users", "07. Company Users\07. Company Users.csproj", "{69526055-7C37-4CA4-9097-6FC34FB2370C}"
EndProject
Global
	GlobalSection(SolutionConfigurationPlatforms) = preSolution
		Debug|Any CPU = Debug|Any CPU
		Release|Any CPU = Release|Any CPU
	EndGlobalSection
	GlobalSection(ProjectConfigurationPlatforms) = postSolution
		{107C73CA-8FC4-442E-8C6C-687402E1CEBA}.Debug|Any CPU.ActiveCfg = Debug|Any CPU
		{107C73CA-8FC4-442E-8C6C-687402E1CEBA}.Debug|Any CPU.Build.0 = Debug|Any CPU
		{107C73CA-8FC4-442E-8C6C-687402E1CEBA}.Release|Any CPU.ActiveCfg = Release|Any CPU
		{107C73CA-8FC4-442E-8C6C-687402E1CEBA}.Release|Any CPU.Build.0 = Release|Any CPU
		{9AAC3FD7-530B-40D6-9609-E444F8BCEE7F}.Debug|Any CPU.ActiveCfg = Debug|Any CPU
		{9AAC3FD7-530B-40D6-9609-E444F8BCEE7F}.Debug|Any CPU.Build.0 = Debug|Any CPU
		{9AAC3FD7-530B-40D6-9609-E444F8BCEE7F}.Release|Any CPU.ActiveCfg = Release|Any CPU
		{9AAC3FD7-530B-40D6-9609-E444F8BCEE7F}.Release|Any CPU.Build.0 = Release|Any CPU
		{46E81E77-BADA-4524-BF5F-BFAB5D27716E}.Debug|Any CPU.ActiveCfg = Debug|Any CPU
		{46E81E77-BADA-4524-BF5F-BFAB5D27716E}.Debug|Any CPU.Build.0 = Debug|Any CPU
		{46E81E77-BADA-4524-BF5F-BFAB5D27716E}.Release|Any CPU.ActiveCfg = Release|Any CPU
		{46E81E77-BADA-4524-BF5F-BFAB5D27716E}.Release|Any CPU.Build.0 = Release|Any CPU
		{F9F8AFB6-568F-4156-AD94-9881C03CB8A7}.Debug|Any CPU.ActiveCfg = Debug|Any CPU
		{F9F8AFB6-568F-4156-AD94-9881C03CB8A7}.Debug|Any CPU.Build.0 = Debug|Any CPU
		{F9F8AFB6-568F-4156-AD94-9881C03CB8A7}.Release|Any CPU.ActiveCfg = Release|Any CPU
		{F9F8AFB6-568F-4156-AD94-9881C03CB8A7}.Release|Any CPU.Build.0 = Release|Any CPU
		{2594386F-5227-4CC0-8552-F276AB1764F9}.Debug|Any CPU.ActiveCfg = Debug|Any CPU
		{2594386F-5227-4CC0-8552-F276AB1764F9}.Debug|Any CPU.Build.0 = Debug|Any CPU
		{2594386F-5227-4CC0-8552-F276AB1764F9}.Release|Any CPU.ActiveCfg = Release|Any CPU
		{2594386F-5227-4CC0-8552-F276AB1764F9}.Release|Any CPU.Build.0 = Release|Any CPU
		{E3D2F0DE-D08B-4D7F-AED9-C7F806771F3A}.Debug|Any CPU.ActiveCfg = Debug|Any CPU
		{E3D2F0DE-D08B-4D7F-AED9-C7F806771F3A}.Debug|Any CPU.Build.0 = Debug|Any CPU
		{E3D2F0DE-D08B-4D7F-AED9-C7F806771F3A}.Release|Any CPU.ActiveCfg = Release|Any CPU
		{E3D2F0DE-D08B-4D7F-AED9-C7F806771F3A}.Release|Any CPU.Build.0 = Release|Any CPU
		{69526055-7C37-4CA4-9097-6FC34FB2370C}.Debug|Any CPU.ActiveCfg = Debug|Any CPU
		{69526055-7C37-4CA4-9097-6FC34FB2370C}.Debug|Any CPU.Build.0 = Debug|Any CPU
		{69526055-7C37-4CA4-9097-6FC34FB2370C}.Release|Any CPU.ActiveCfg = Release|Any CPU
		{69526055-7C37-4CA4-9097-6FC34FB2370C}.Release|Any CPU.Build.0 = Release|Any CPU
	EndGlobalSection
	GlobalSection(SolutionProperties) = preSolution
		HideSolutionNode = FALSE
	EndGlobalSection
	GlobalSection(ExtensibilityGlobals) = postSolution
		SolutionGuid = {AD7977F2-E3C9-4029-8D95-CDBBEEE52AA0}
	EndGlobalSection
EndGlobal
