
Microsoft Visual Studio Solution File, Format Version 12.00
# Visual Studio Version 16
VisualStudioVersion = 16.0.32002.261
MinimumVisualStudioVersion = 10.0.40219.1
Project("{9A19103F-16F7-4668-BE54-9A1E7A4F7556}") = "1.0 Activation Keys", "1.0\1.0 Activation Keys.csproj", "{AD7A9D26-F80B-4A52-BF59-17115597F7AB}"
EndProject
Project("{9A19103F-16F7-4668-BE54-9A1E7A4F7556}") = "2.0 Emoji Detector", "2.0 Emoji Detector\2.0 Emoji Detector.csproj", "{EF6C3BEE-341B-4701-9059-35E9ED90D8F8}"
EndProject
Project("{9A19103F-16F7-4668-BE54-9A1E7A4F7556}") = "3.0 P!rates", "3.0 P!rates\3.0 P!rates.csproj", "{40157F16-118B-4DF9-8D31-BBBE02CDFD20}"
EndProject
Project("{9A19103F-16F7-4668-BE54-9A1E7A4F7556}") = "3.1 Heroes of Code and Logic VII", "3.1 Heroes of Code and Logic VII\3.1 Heroes of Code and Logic VII.csproj", "{914F5292-EE99-4CA4-9C92-5306E229C8DC}"
EndProject
Project("{9A19103F-16F7-4668-BE54-9A1E7A4F7556}") = "1.1 Password Reset", "1.1 Password Reset\1.1 Password Reset.csproj", "{880B2AE3-057D-46E8-A3D2-5E34B01DBB4B}"
EndProject
Project("{9A19103F-16F7-4668-BE54-9A1E7A4F7556}") = "2.1 Fancy Barcodes", "2.1 Fancy Barcodes\2.1 Fancy Barcodes.csproj", "{FDCD111F-15BA-4446-82B6-31DB96CCAEE5}"
EndProject
Project("{9A19103F-16F7-4668-BE54-9A1E7A4F7556}") = "1.2 Secret Chat", "1.2 Secret Chat\1.2 Secret Chat.csproj", "{92C3A5B9-97D7-4AAD-8DA6-10D3C1BA9323}"
EndProject
Project("{9A19103F-16F7-4668-BE54-9A1E7A4F7556}") = "2.2 Mirror Words", "2.2 Mirror Words\2.2 Mirror Words.csproj", "{9C5275D2-DAAA-4881-89C1-4924B368CC83}"
EndProject
Project("{9A19103F-16F7-4668-BE54-9A1E7A4F7556}") = "3.2 The Pianist", "3.3 The Pianist\3.2 The Pianist.csproj", "{AB4556C8-4010-45EF-B9AC-193442464DFD}"
EndProject
Project("{9A19103F-16F7-4668-BE54-9A1E7A4F7556}") = "3.3 Need for Speed III", "3.3 Need for Speed III\3.3 Need for Speed III.csproj", "{3817F361-F630-4FCC-9DF2-68357CA484C0}"
EndProject
Project("{9A19103F-16F7-4668-BE54-9A1E7A4F7556}") = "1.3 The Imitation Game", "1.3 The Imitation Game\1.3 The Imitation Game.csproj", "{9512E603-1E87-49FC-84AD-FE80252DF515}"
EndProject
Project("{9A19103F-16F7-4668-BE54-9A1E7A4F7556}") = "2.3 Ad Astra", "2.3 Ad Astra\2.3 Ad Astra.csproj", "{0C3FC4BB-0306-469C-8384-4B05DC542CF8}"
EndProject
Project("{9A19103F-16F7-4668-BE54-9A1E7A4F7556}") = "1.4 String Manipulator", "1.4\1.4 String Manipulator.csproj", "{44C206A5-2541-4A77-814E-C5B6C7FD0DF3}"
EndProject
Project("{9A19103F-16F7-4668-BE54-9A1E7A4F7556}") = "2.4 Easter Eggs", "2.4 Easter Eggs\2.4 Easter Eggs.csproj", "{33D1E505-BE32-457F-8AF2-1DBC5F366B8B}"
EndProject
Project("{9A19103F-16F7-4668-BE54-9A1E7A4F7556}") = "3.4 Messages Manager", "3.4 Messages Manager\3.4 Messages Manager.csproj", "{EF5981D8-74A4-4182-A60F-87D6CE905282}"
EndProject
Project("{FAE04EC0-301F-11D3-BF4B-00C04F79EFBC}") = "3.5 Wild Zoo", "3.5 Wild Zoo\3.5 Wild Zoo.csproj", "{53B6316D-3CC7-4155-BF51-E67D83B8D133}"
EndProject
Global
	GlobalSection(SolutionConfigurationPlatforms) = preSolution
		Debug|Any CPU = Debug|Any CPU
		Release|Any CPU = Release|Any CPU
	EndGlobalSection
	GlobalSection(ProjectConfigurationPlatforms) = postSolution
		{AD7A9D26-F80B-4A52-BF59-17115597F7AB}.Debug|Any CPU.ActiveCfg = Debug|Any CPU
		{AD7A9D26-F80B-4A52-BF59-17115597F7AB}.Debug|Any CPU.Build.0 = Debug|Any CPU
		{AD7A9D26-F80B-4A52-BF59-17115597F7AB}.Release|Any CPU.ActiveCfg = Release|Any CPU
		{AD7A9D26-F80B-4A52-BF59-17115597F7AB}.Release|Any CPU.Build.0 = Release|Any CPU
		{EF6C3BEE-341B-4701-9059-35E9ED90D8F8}.Debug|Any CPU.ActiveCfg = Debug|Any CPU
		{EF6C3BEE-341B-4701-9059-35E9ED90D8F8}.Debug|Any CPU.Build.0 = Debug|Any CPU
		{EF6C3BEE-341B-4701-9059-35E9ED90D8F8}.Release|Any CPU.ActiveCfg = Release|Any CPU
		{EF6C3BEE-341B-4701-9059-35E9ED90D8F8}.Release|Any CPU.Build.0 = Release|Any CPU
		{40157F16-118B-4DF9-8D31-BBBE02CDFD20}.Debug|Any CPU.ActiveCfg = Debug|Any CPU
		{40157F16-118B-4DF9-8D31-BBBE02CDFD20}.Debug|Any CPU.Build.0 = Debug|Any CPU
		{40157F16-118B-4DF9-8D31-BBBE02CDFD20}.Release|Any CPU.ActiveCfg = Release|Any CPU
		{40157F16-118B-4DF9-8D31-BBBE02CDFD20}.Release|Any CPU.Build.0 = Release|Any CPU
		{914F5292-EE99-4CA4-9C92-5306E229C8DC}.Debug|Any CPU.ActiveCfg = Debug|Any CPU
		{914F5292-EE99-4CA4-9C92-5306E229C8DC}.Debug|Any CPU.Build.0 = Debug|Any CPU
		{914F5292-EE99-4CA4-9C92-5306E229C8DC}.Release|Any CPU.ActiveCfg = Release|Any CPU
		{914F5292-EE99-4CA4-9C92-5306E229C8DC}.Release|Any CPU.Build.0 = Release|Any CPU
		{880B2AE3-057D-46E8-A3D2-5E34B01DBB4B}.Debug|Any CPU.ActiveCfg = Debug|Any CPU
		{880B2AE3-057D-46E8-A3D2-5E34B01DBB4B}.Debug|Any CPU.Build.0 = Debug|Any CPU
		{880B2AE3-057D-46E8-A3D2-5E34B01DBB4B}.Release|Any CPU.ActiveCfg = Release|Any CPU
		{880B2AE3-057D-46E8-A3D2-5E34B01DBB4B}.Release|Any CPU.Build.0 = Release|Any CPU
		{FDCD111F-15BA-4446-82B6-31DB96CCAEE5}.Debug|Any CPU.ActiveCfg = Debug|Any CPU
		{FDCD111F-15BA-4446-82B6-31DB96CCAEE5}.Debug|Any CPU.Build.0 = Debug|Any CPU
		{FDCD111F-15BA-4446-82B6-31DB96CCAEE5}.Release|Any CPU.ActiveCfg = Release|Any CPU
		{FDCD111F-15BA-4446-82B6-31DB96CCAEE5}.Release|Any CPU.Build.0 = Release|Any CPU
		{92C3A5B9-97D7-4AAD-8DA6-10D3C1BA9323}.Debug|Any CPU.ActiveCfg = Debug|Any CPU
		{92C3A5B9-97D7-4AAD-8DA6-10D3C1BA9323}.Debug|Any CPU.Build.0 = Debug|Any CPU
		{92C3A5B9-97D7-4AAD-8DA6-10D3C1BA9323}.Release|Any CPU.ActiveCfg = Release|Any CPU
		{92C3A5B9-97D7-4AAD-8DA6-10D3C1BA9323}.Release|Any CPU.Build.0 = Release|Any CPU
		{9C5275D2-DAAA-4881-89C1-4924B368CC83}.Debug|Any CPU.ActiveCfg = Debug|Any CPU
		{9C5275D2-DAAA-4881-89C1-4924B368CC83}.Debug|Any CPU.Build.0 = Debug|Any CPU
		{9C5275D2-DAAA-4881-89C1-4924B368CC83}.Release|Any CPU.ActiveCfg = Release|Any CPU
		{9C5275D2-DAAA-4881-89C1-4924B368CC83}.Release|Any CPU.Build.0 = Release|Any CPU
		{AB4556C8-4010-45EF-B9AC-193442464DFD}.Debug|Any CPU.ActiveCfg = Debug|Any CPU
		{AB4556C8-4010-45EF-B9AC-193442464DFD}.Debug|Any CPU.Build.0 = Debug|Any CPU
		{AB4556C8-4010-45EF-B9AC-193442464DFD}.Release|Any CPU.ActiveCfg = Release|Any CPU
		{AB4556C8-4010-45EF-B9AC-193442464DFD}.Release|Any CPU.Build.0 = Release|Any CPU
		{3817F361-F630-4FCC-9DF2-68357CA484C0}.Debug|Any CPU.ActiveCfg = Debug|Any CPU
		{3817F361-F630-4FCC-9DF2-68357CA484C0}.Debug|Any CPU.Build.0 = Debug|Any CPU
		{3817F361-F630-4FCC-9DF2-68357CA484C0}.Release|Any CPU.ActiveCfg = Release|Any CPU
		{3817F361-F630-4FCC-9DF2-68357CA484C0}.Release|Any CPU.Build.0 = Release|Any CPU
		{9512E603-1E87-49FC-84AD-FE80252DF515}.Debug|Any CPU.ActiveCfg = Debug|Any CPU
		{9512E603-1E87-49FC-84AD-FE80252DF515}.Debug|Any CPU.Build.0 = Debug|Any CPU
		{9512E603-1E87-49FC-84AD-FE80252DF515}.Release|Any CPU.ActiveCfg = Release|Any CPU
		{9512E603-1E87-49FC-84AD-FE80252DF515}.Release|Any CPU.Build.0 = Release|Any CPU
		{0C3FC4BB-0306-469C-8384-4B05DC542CF8}.Debug|Any CPU.ActiveCfg = Debug|Any CPU
		{0C3FC4BB-0306-469C-8384-4B05DC542CF8}.Debug|Any CPU.Build.0 = Debug|Any CPU
		{0C3FC4BB-0306-469C-8384-4B05DC542CF8}.Release|Any CPU.ActiveCfg = Release|Any CPU
		{0C3FC4BB-0306-469C-8384-4B05DC542CF8}.Release|Any CPU.Build.0 = Release|Any CPU
		{44C206A5-2541-4A77-814E-C5B6C7FD0DF3}.Debug|Any CPU.ActiveCfg = Debug|Any CPU
		{44C206A5-2541-4A77-814E-C5B6C7FD0DF3}.Debug|Any CPU.Build.0 = Debug|Any CPU
		{44C206A5-2541-4A77-814E-C5B6C7FD0DF3}.Release|Any CPU.ActiveCfg = Release|Any CPU
		{44C206A5-2541-4A77-814E-C5B6C7FD0DF3}.Release|Any CPU.Build.0 = Release|Any CPU
		{33D1E505-BE32-457F-8AF2-1DBC5F366B8B}.Debug|Any CPU.ActiveCfg = Debug|Any CPU
		{33D1E505-BE32-457F-8AF2-1DBC5F366B8B}.Debug|Any CPU.Build.0 = Debug|Any CPU
		{33D1E505-BE32-457F-8AF2-1DBC5F366B8B}.Release|Any CPU.ActiveCfg = Release|Any CPU
		{33D1E505-BE32-457F-8AF2-1DBC5F366B8B}.Release|Any CPU.Build.0 = Release|Any CPU
		{EF5981D8-74A4-4182-A60F-87D6CE905282}.Debug|Any CPU.ActiveCfg = Debug|Any CPU
		{EF5981D8-74A4-4182-A60F-87D6CE905282}.Debug|Any CPU.Build.0 = Debug|Any CPU
		{EF5981D8-74A4-4182-A60F-87D6CE905282}.Release|Any CPU.ActiveCfg = Release|Any CPU
		{EF5981D8-74A4-4182-A60F-87D6CE905282}.Release|Any CPU.Build.0 = Release|Any CPU
		{53B6316D-3CC7-4155-BF51-E67D83B8D133}.Debug|Any CPU.ActiveCfg = Debug|Any CPU
		{53B6316D-3CC7-4155-BF51-E67D83B8D133}.Debug|Any CPU.Build.0 = Debug|Any CPU
		{53B6316D-3CC7-4155-BF51-E67D83B8D133}.Release|Any CPU.ActiveCfg = Release|Any CPU
		{53B6316D-3CC7-4155-BF51-E67D83B8D133}.Release|Any CPU.Build.0 = Release|Any CPU
	EndGlobalSection
	GlobalSection(SolutionProperties) = preSolution
		HideSolutionNode = FALSE
	EndGlobalSection
	GlobalSection(ExtensibilityGlobals) = postSolution
		SolutionGuid = {35C1E7A8-899D-431B-B80E-319C053C9C42}
	EndGlobalSection
EndGlobal
