
Microsoft Visual Studio Solution File, Format Version 12.00
# Visual Studio Version 16
VisualStudioVersion = 16.0.32002.261
MinimumVisualStudioVersion = 10.0.40219.1
Project("{9A19103F-16F7-4668-BE54-9A1E7A4F7556}") = "01. Match Full Name", "01. Match Full Name\01. Match Full Name.csproj", "{57055A46-1E90-4991-801D-AD2DAE8B179E}"
EndProject
Project("{FAE04EC0-301F-11D3-BF4B-00C04F79EFBC}") = "02. Match Phone Number", "02. Match Phone Number\02. Match Phone Number.csproj", "{8FA67E94-B66F-42E5-A7C2-EFA20216658C}"
EndProject
Project("{FAE04EC0-301F-11D3-BF4B-00C04F79EFBC}") = "03. Match Dates", "03. Match Dates\03. Match Dates.csproj", "{EC20530C-BCEA-498A-A90B-270E0B07EE83}"
EndProject
Global
	GlobalSection(SolutionConfigurationPlatforms) = preSolution
		Debug|Any CPU = Debug|Any CPU
		Release|Any CPU = Release|Any CPU
	EndGlobalSection
	GlobalSection(ProjectConfigurationPlatforms) = postSolution
		{57055A46-1E90-4991-801D-AD2DAE8B179E}.Debug|Any CPU.ActiveCfg = Debug|Any CPU
		{57055A46-1E90-4991-801D-AD2DAE8B179E}.Debug|Any CPU.Build.0 = Debug|Any CPU
		{57055A46-1E90-4991-801D-AD2DAE8B179E}.Release|Any CPU.ActiveCfg = Release|Any CPU
		{57055A46-1E90-4991-801D-AD2DAE8B179E}.Release|Any CPU.Build.0 = Release|Any CPU
		{8FA67E94-B66F-42E5-A7C2-EFA20216658C}.Debug|Any CPU.ActiveCfg = Debug|Any CPU
		{8FA67E94-B66F-42E5-A7C2-EFA20216658C}.Debug|Any CPU.Build.0 = Debug|Any CPU
		{8FA67E94-B66F-42E5-A7C2-EFA20216658C}.Release|Any CPU.ActiveCfg = Release|Any CPU
		{8FA67E94-B66F-42E5-A7C2-EFA20216658C}.Release|Any CPU.Build.0 = Release|Any CPU
		{EC20530C-BCEA-498A-A90B-270E0B07EE83}.Debug|Any CPU.ActiveCfg = Debug|Any CPU
		{EC20530C-BCEA-498A-A90B-270E0B07EE83}.Debug|Any CPU.Build.0 = Debug|Any CPU
		{EC20530C-BCEA-498A-A90B-270E0B07EE83}.Release|Any CPU.ActiveCfg = Release|Any CPU
		{EC20530C-BCEA-498A-A90B-270E0B07EE83}.Release|Any CPU.Build.0 = Release|Any CPU
	EndGlobalSection
	GlobalSection(SolutionProperties) = preSolution
		HideSolutionNode = FALSE
	EndGlobalSection
	GlobalSection(ExtensibilityGlobals) = postSolution
		SolutionGuid = {CCB6B4EE-0F55-40EB-950A-94EA7D4BEB82}
	EndGlobalSection
EndGlobal
