
Microsoft Visual Studio Solution File, Format Version 12.00
# Visual Studio Version 16
VisualStudioVersion = 16.0.32002.261
MinimumVisualStudioVersion = 10.0.40219.1
Project("{FAE04EC0-301F-11D3-BF4B-00C04F79EFBC}") = "Data Types And Variables Excersise", "Data Types And Variables Excersise\Data Types And Variables Excersise.csproj", "{A8562899-3A27-44B1-BAF4-6C37AD040B57}"
EndProject
Project("{FAE04EC0-301F-11D3-BF4B-00C04F79EFBC}") = "1. Integer Operations", "1. Integer Operations\1. Integer Operations.csproj", "{B901F41F-E8B3-4972-BBAB-CCC90AED1FBE}"
EndProject
Project("{FAE04EC0-301F-11D3-BF4B-00C04F79EFBC}") = "02. Sum Digits", "02. Sum Digits\02. Sum Digits.csproj", "{2780A823-8A1F-44A3-961D-23D072558F06}"
EndProject
Project("{FAE04EC0-301F-11D3-BF4B-00C04F79EFBC}") = "03. Elevator", "03. Elevator\03. Elevator.csproj", "{EEF82536-FB70-4A14-88B5-3EA9FD874F5B}"
EndProject
Project("{FAE04EC0-301F-11D3-BF4B-00C04F79EFBC}") = "04. Sum of Chars", "04. Sum of Chars\04. Sum of Chars.csproj", "{CD690AF0-33C9-49E4-9E4A-2B32BCF07EF0}"
EndProject
Project("{FAE04EC0-301F-11D3-BF4B-00C04F79EFBC}") = "05. Print Part Of ASCII Table", "05. Print Part Of ASCII Table\05. Print Part Of ASCII Table.csproj", "{A7CF5EEB-9149-454E-B51D-2A01A3205840}"
EndProject
Project("{FAE04EC0-301F-11D3-BF4B-00C04F79EFBC}") = "06. Triples of Latin Letters", "06. Triples of Latin Letters\06. Triples of Latin Letters.csproj", "{65652877-147C-45D4-B716-B2AABD0FC77B}"
EndProject
Project("{FAE04EC0-301F-11D3-BF4B-00C04F79EFBC}") = "07. Water Overflow", "07. Water Overflow\07. Water Overflow.csproj", "{CC78EEF9-77D1-4275-88A3-76D765BBE1B3}"
EndProject
Project("{FAE04EC0-301F-11D3-BF4B-00C04F79EFBC}") = "08. Beer Kegs", "08. Beer Kegs\08. Beer Kegs.csproj", "{AF8920F2-E959-4DBD-877A-281E6833610E}"
EndProject
Project("{FAE04EC0-301F-11D3-BF4B-00C04F79EFBC}") = "09. Spice Must Flow", "09. Spice Must Flow\09. Spice Must Flow.csproj", "{C181B2EA-7E8C-4B01-8EDE-D49BAFF6D2C2}"
EndProject
Project("{FAE04EC0-301F-11D3-BF4B-00C04F79EFBC}") = "10. Poke Mon", "10. Poke Mon\10. Poke Mon.csproj", "{462ED876-C76A-49DF-AFF9-D868D00EEDEF}"
EndProject
Project("{FAE04EC0-301F-11D3-BF4B-00C04F79EFBC}") = "11. Snowballs", "11. Snowballs\11. Snowballs.csproj", "{B43F7F50-0416-411C-8BDD-66225313AA49}"
EndProject
Global
	GlobalSection(SolutionConfigurationPlatforms) = preSolution
		Debug|Any CPU = Debug|Any CPU
		Release|Any CPU = Release|Any CPU
	EndGlobalSection
	GlobalSection(ProjectConfigurationPlatforms) = postSolution
		{A8562899-3A27-44B1-BAF4-6C37AD040B57}.Debug|Any CPU.ActiveCfg = Debug|Any CPU
		{A8562899-3A27-44B1-BAF4-6C37AD040B57}.Debug|Any CPU.Build.0 = Debug|Any CPU
		{A8562899-3A27-44B1-BAF4-6C37AD040B57}.Release|Any CPU.ActiveCfg = Release|Any CPU
		{A8562899-3A27-44B1-BAF4-6C37AD040B57}.Release|Any CPU.Build.0 = Release|Any CPU
		{B901F41F-E8B3-4972-BBAB-CCC90AED1FBE}.Debug|Any CPU.ActiveCfg = Debug|Any CPU
		{B901F41F-E8B3-4972-BBAB-CCC90AED1FBE}.Debug|Any CPU.Build.0 = Debug|Any CPU
		{B901F41F-E8B3-4972-BBAB-CCC90AED1FBE}.Release|Any CPU.ActiveCfg = Release|Any CPU
		{B901F41F-E8B3-4972-BBAB-CCC90AED1FBE}.Release|Any CPU.Build.0 = Release|Any CPU
		{2780A823-8A1F-44A3-961D-23D072558F06}.Debug|Any CPU.ActiveCfg = Debug|Any CPU
		{2780A823-8A1F-44A3-961D-23D072558F06}.Debug|Any CPU.Build.0 = Debug|Any CPU
		{2780A823-8A1F-44A3-961D-23D072558F06}.Release|Any CPU.ActiveCfg = Release|Any CPU
		{2780A823-8A1F-44A3-961D-23D072558F06}.Release|Any CPU.Build.0 = Release|Any CPU
		{EEF82536-FB70-4A14-88B5-3EA9FD874F5B}.Debug|Any CPU.ActiveCfg = Debug|Any CPU
		{EEF82536-FB70-4A14-88B5-3EA9FD874F5B}.Debug|Any CPU.Build.0 = Debug|Any CPU
		{EEF82536-FB70-4A14-88B5-3EA9FD874F5B}.Release|Any CPU.ActiveCfg = Release|Any CPU
		{EEF82536-FB70-4A14-88B5-3EA9FD874F5B}.Release|Any CPU.Build.0 = Release|Any CPU
		{CD690AF0-33C9-49E4-9E4A-2B32BCF07EF0}.Debug|Any CPU.ActiveCfg = Debug|Any CPU
		{CD690AF0-33C9-49E4-9E4A-2B32BCF07EF0}.Debug|Any CPU.Build.0 = Debug|Any CPU
		{CD690AF0-33C9-49E4-9E4A-2B32BCF07EF0}.Release|Any CPU.ActiveCfg = Release|Any CPU
		{CD690AF0-33C9-49E4-9E4A-2B32BCF07EF0}.Release|Any CPU.Build.0 = Release|Any CPU
		{A7CF5EEB-9149-454E-B51D-2A01A3205840}.Debug|Any CPU.ActiveCfg = Debug|Any CPU
		{A7CF5EEB-9149-454E-B51D-2A01A3205840}.Debug|Any CPU.Build.0 = Debug|Any CPU
		{A7CF5EEB-9149-454E-B51D-2A01A3205840}.Release|Any CPU.ActiveCfg = Release|Any CPU
		{A7CF5EEB-9149-454E-B51D-2A01A3205840}.Release|Any CPU.Build.0 = Release|Any CPU
		{65652877-147C-45D4-B716-B2AABD0FC77B}.Debug|Any CPU.ActiveCfg = Debug|Any CPU
		{65652877-147C-45D4-B716-B2AABD0FC77B}.Debug|Any CPU.Build.0 = Debug|Any CPU
		{65652877-147C-45D4-B716-B2AABD0FC77B}.Release|Any CPU.ActiveCfg = Release|Any CPU
		{65652877-147C-45D4-B716-B2AABD0FC77B}.Release|Any CPU.Build.0 = Release|Any CPU
		{CC78EEF9-77D1-4275-88A3-76D765BBE1B3}.Debug|Any CPU.ActiveCfg = Debug|Any CPU
		{CC78EEF9-77D1-4275-88A3-76D765BBE1B3}.Debug|Any CPU.Build.0 = Debug|Any CPU
		{CC78EEF9-77D1-4275-88A3-76D765BBE1B3}.Release|Any CPU.ActiveCfg = Release|Any CPU
		{CC78EEF9-77D1-4275-88A3-76D765BBE1B3}.Release|Any CPU.Build.0 = Release|Any CPU
		{AF8920F2-E959-4DBD-877A-281E6833610E}.Debug|Any CPU.ActiveCfg = Debug|Any CPU
		{AF8920F2-E959-4DBD-877A-281E6833610E}.Debug|Any CPU.Build.0 = Debug|Any CPU
		{AF8920F2-E959-4DBD-877A-281E6833610E}.Release|Any CPU.ActiveCfg = Release|Any CPU
		{AF8920F2-E959-4DBD-877A-281E6833610E}.Release|Any CPU.Build.0 = Release|Any CPU
		{C181B2EA-7E8C-4B01-8EDE-D49BAFF6D2C2}.Debug|Any CPU.ActiveCfg = Debug|Any CPU
		{C181B2EA-7E8C-4B01-8EDE-D49BAFF6D2C2}.Debug|Any CPU.Build.0 = Debug|Any CPU
		{C181B2EA-7E8C-4B01-8EDE-D49BAFF6D2C2}.Release|Any CPU.ActiveCfg = Release|Any CPU
		{C181B2EA-7E8C-4B01-8EDE-D49BAFF6D2C2}.Release|Any CPU.Build.0 = Release|Any CPU
		{462ED876-C76A-49DF-AFF9-D868D00EEDEF}.Debug|Any CPU.ActiveCfg = Debug|Any CPU
		{462ED876-C76A-49DF-AFF9-D868D00EEDEF}.Debug|Any CPU.Build.0 = Debug|Any CPU
		{462ED876-C76A-49DF-AFF9-D868D00EEDEF}.Release|Any CPU.ActiveCfg = Release|Any CPU
		{462ED876-C76A-49DF-AFF9-D868D00EEDEF}.Release|Any CPU.Build.0 = Release|Any CPU
		{B43F7F50-0416-411C-8BDD-66225313AA49}.Debug|Any CPU.ActiveCfg = Debug|Any CPU
		{B43F7F50-0416-411C-8BDD-66225313AA49}.Debug|Any CPU.Build.0 = Debug|Any CPU
		{B43F7F50-0416-411C-8BDD-66225313AA49}.Release|Any CPU.ActiveCfg = Release|Any CPU
		{B43F7F50-0416-411C-8BDD-66225313AA49}.Release|Any CPU.Build.0 = Release|Any CPU
	EndGlobalSection
	GlobalSection(SolutionProperties) = preSolution
		HideSolutionNode = FALSE
	EndGlobalSection
	GlobalSection(ExtensibilityGlobals) = postSolution
		SolutionGuid = {D140AEE8-9A98-44FC-B7E7-9CA0C5128AC9}
	EndGlobalSection
EndGlobal
