
Microsoft Visual Studio Solution File, Format Version 12.00
# Visual Studio Version 16
VisualStudioVersion = 16.0.32002.261
MinimumVisualStudioVersion = 10.0.40219.1
Project("{FAE04EC0-301F-11D3-BF4B-00C04F79EFBC}") = "01. Smallest of Three Numbers", "Methods - Exercise\01. Smallest of Three Numbers.csproj", "{6A5DE670-7F99-4054-8F49-5ADB574759FD}"
EndProject
Project("{FAE04EC0-301F-11D3-BF4B-00C04F79EFBC}") = "02. Vowels Count", "02. Vowels Count\02. Vowels Count.csproj", "{438FDE35-C620-4657-AA3E-D016B16BB353}"
EndProject
Project("{FAE04EC0-301F-11D3-BF4B-00C04F79EFBC}") = "03. Characters in Range", "03. Characters in Range\03. Characters in Range.csproj", "{40FC09B7-A57C-4A69-BC50-80E8B2280BFC}"
EndProject
Project("{FAE04EC0-301F-11D3-BF4B-00C04F79EFBC}") = "04. Password Validator", "04. Password Validator\04. Password Validator.csproj", "{63C819F0-B086-4DFF-AD03-97B3BD2E682A}"
EndProject
Project("{FAE04EC0-301F-11D3-BF4B-00C04F79EFBC}") = "05. Add and Subtract", "05. Add and Subtract\05. Add and Subtract.csproj", "{7D548690-DE00-4AC9-B86F-1CD1E40F443E}"
EndProject
Project("{FAE04EC0-301F-11D3-BF4B-00C04F79EFBC}") = "06. Middle Characters", "06. Middle Characters\06. Middle Characters.csproj", "{D4893B47-520B-4BB1-964A-DCE3D00D719E}"
EndProject
Project("{FAE04EC0-301F-11D3-BF4B-00C04F79EFBC}") = "07. NxN Matrix", "07. NxN Matrix\07. NxN Matrix.csproj", "{C09CB6A6-1023-46F0-926A-010EB166D913}"
EndProject
Project("{FAE04EC0-301F-11D3-BF4B-00C04F79EFBC}") = "08. Factorial Division", "08. Factorial Division\08. Factorial Division.csproj", "{E38851E7-2F21-4570-8B8B-4AC8685A28F6}"
EndProject
Project("{FAE04EC0-301F-11D3-BF4B-00C04F79EFBC}") = "09. Palindrome Integers", "09. Palindrome Integers\09. Palindrome Integers.csproj", "{7B86F143-CD79-430C-B88B-6EBA9049A10A}"
EndProject
Project("{FAE04EC0-301F-11D3-BF4B-00C04F79EFBC}") = "10. Top Number", "10. Top Number\10. Top Number.csproj", "{2304CB5D-38AA-4219-8416-6F1635DB85B3}"
EndProject
Project("{FAE04EC0-301F-11D3-BF4B-00C04F79EFBC}") = "11. Array Manipulator", "11. Array Manipulator\11. Array Manipulator.csproj", "{F1A5EC7C-18EB-4425-89AD-ECF93F0A075B}"
EndProject
Global
	GlobalSection(SolutionConfigurationPlatforms) = preSolution
		Debug|Any CPU = Debug|Any CPU
		Release|Any CPU = Release|Any CPU
	EndGlobalSection
	GlobalSection(ProjectConfigurationPlatforms) = postSolution
		{6A5DE670-7F99-4054-8F49-5ADB574759FD}.Debug|Any CPU.ActiveCfg = Debug|Any CPU
		{6A5DE670-7F99-4054-8F49-5ADB574759FD}.Debug|Any CPU.Build.0 = Debug|Any CPU
		{6A5DE670-7F99-4054-8F49-5ADB574759FD}.Release|Any CPU.ActiveCfg = Release|Any CPU
		{6A5DE670-7F99-4054-8F49-5ADB574759FD}.Release|Any CPU.Build.0 = Release|Any CPU
		{438FDE35-C620-4657-AA3E-D016B16BB353}.Debug|Any CPU.ActiveCfg = Debug|Any CPU
		{438FDE35-C620-4657-AA3E-D016B16BB353}.Debug|Any CPU.Build.0 = Debug|Any CPU
		{438FDE35-C620-4657-AA3E-D016B16BB353}.Release|Any CPU.ActiveCfg = Release|Any CPU
		{438FDE35-C620-4657-AA3E-D016B16BB353}.Release|Any CPU.Build.0 = Release|Any CPU
		{40FC09B7-A57C-4A69-BC50-80E8B2280BFC}.Debug|Any CPU.ActiveCfg = Debug|Any CPU
		{40FC09B7-A57C-4A69-BC50-80E8B2280BFC}.Debug|Any CPU.Build.0 = Debug|Any CPU
		{40FC09B7-A57C-4A69-BC50-80E8B2280BFC}.Release|Any CPU.ActiveCfg = Release|Any CPU
		{40FC09B7-A57C-4A69-BC50-80E8B2280BFC}.Release|Any CPU.Build.0 = Release|Any CPU
		{63C819F0-B086-4DFF-AD03-97B3BD2E682A}.Debug|Any CPU.ActiveCfg = Debug|Any CPU
		{63C819F0-B086-4DFF-AD03-97B3BD2E682A}.Debug|Any CPU.Build.0 = Debug|Any CPU
		{63C819F0-B086-4DFF-AD03-97B3BD2E682A}.Release|Any CPU.ActiveCfg = Release|Any CPU
		{63C819F0-B086-4DFF-AD03-97B3BD2E682A}.Release|Any CPU.Build.0 = Release|Any CPU
		{7D548690-DE00-4AC9-B86F-1CD1E40F443E}.Debug|Any CPU.ActiveCfg = Debug|Any CPU
		{7D548690-DE00-4AC9-B86F-1CD1E40F443E}.Debug|Any CPU.Build.0 = Debug|Any CPU
		{7D548690-DE00-4AC9-B86F-1CD1E40F443E}.Release|Any CPU.ActiveCfg = Release|Any CPU
		{7D548690-DE00-4AC9-B86F-1CD1E40F443E}.Release|Any CPU.Build.0 = Release|Any CPU
		{D4893B47-520B-4BB1-964A-DCE3D00D719E}.Debug|Any CPU.ActiveCfg = Debug|Any CPU
		{D4893B47-520B-4BB1-964A-DCE3D00D719E}.Debug|Any CPU.Build.0 = Debug|Any CPU
		{D4893B47-520B-4BB1-964A-DCE3D00D719E}.Release|Any CPU.ActiveCfg = Release|Any CPU
		{D4893B47-520B-4BB1-964A-DCE3D00D719E}.Release|Any CPU.Build.0 = Release|Any CPU
		{C09CB6A6-1023-46F0-926A-010EB166D913}.Debug|Any CPU.ActiveCfg = Debug|Any CPU
		{C09CB6A6-1023-46F0-926A-010EB166D913}.Debug|Any CPU.Build.0 = Debug|Any CPU
		{C09CB6A6-1023-46F0-926A-010EB166D913}.Release|Any CPU.ActiveCfg = Release|Any CPU
		{C09CB6A6-1023-46F0-926A-010EB166D913}.Release|Any CPU.Build.0 = Release|Any CPU
		{E38851E7-2F21-4570-8B8B-4AC8685A28F6}.Debug|Any CPU.ActiveCfg = Debug|Any CPU
		{E38851E7-2F21-4570-8B8B-4AC8685A28F6}.Debug|Any CPU.Build.0 = Debug|Any CPU
		{E38851E7-2F21-4570-8B8B-4AC8685A28F6}.Release|Any CPU.ActiveCfg = Release|Any CPU
		{E38851E7-2F21-4570-8B8B-4AC8685A28F6}.Release|Any CPU.Build.0 = Release|Any CPU
		{7B86F143-CD79-430C-B88B-6EBA9049A10A}.Debug|Any CPU.ActiveCfg = Debug|Any CPU
		{7B86F143-CD79-430C-B88B-6EBA9049A10A}.Debug|Any CPU.Build.0 = Debug|Any CPU
		{7B86F143-CD79-430C-B88B-6EBA9049A10A}.Release|Any CPU.ActiveCfg = Release|Any CPU
		{7B86F143-CD79-430C-B88B-6EBA9049A10A}.Release|Any CPU.Build.0 = Release|Any CPU
		{2304CB5D-38AA-4219-8416-6F1635DB85B3}.Debug|Any CPU.ActiveCfg = Debug|Any CPU
		{2304CB5D-38AA-4219-8416-6F1635DB85B3}.Debug|Any CPU.Build.0 = Debug|Any CPU
		{2304CB5D-38AA-4219-8416-6F1635DB85B3}.Release|Any CPU.ActiveCfg = Release|Any CPU
		{2304CB5D-38AA-4219-8416-6F1635DB85B3}.Release|Any CPU.Build.0 = Release|Any CPU
		{F1A5EC7C-18EB-4425-89AD-ECF93F0A075B}.Debug|Any CPU.ActiveCfg = Debug|Any CPU
		{F1A5EC7C-18EB-4425-89AD-ECF93F0A075B}.Debug|Any CPU.Build.0 = Debug|Any CPU
		{F1A5EC7C-18EB-4425-89AD-ECF93F0A075B}.Release|Any CPU.ActiveCfg = Release|Any CPU
		{F1A5EC7C-18EB-4425-89AD-ECF93F0A075B}.Release|Any CPU.Build.0 = Release|Any CPU
	EndGlobalSection
	GlobalSection(SolutionProperties) = preSolution
		HideSolutionNode = FALSE
	EndGlobalSection
	GlobalSection(ExtensibilityGlobals) = postSolution
		SolutionGuid = {659F0E35-15D3-4A9E-8A61-14816153EEAF}
	EndGlobalSection
EndGlobal
