
Microsoft Visual Studio Solution File, Format Version 12.00
# Visual Studio Version 16
VisualStudioVersion = 16.0.32002.261
MinimumVisualStudioVersion = 10.0.40219.1
Project("{9A19103F-16F7-4668-BE54-9A1E7A4F7556}") = "01. Valid Usernames", "01. Valid Usernames\01. Valid Usernames.csproj", "{2FB8993A-8516-4E89-96A3-6249F8A76C9C}"
EndProject
Project("{FAE04EC0-301F-11D3-BF4B-00C04F79EFBC}") = "02. Character Multiplier", "02. Character Multiplier\02. Character Multiplier.csproj", "{8A5CB8F3-CF68-4D07-AC81-F11A7365C15B}"
EndProject
Project("{FAE04EC0-301F-11D3-BF4B-00C04F79EFBC}") = "03. Extract File", "03. Extract File\03. Extract File.csproj", "{BB09B0EF-F231-4DF7-A83B-EA8C61280F3D}"
EndProject
Project("{FAE04EC0-301F-11D3-BF4B-00C04F79EFBC}") = "04. Caesar Cipher", "04. Caesar Cipher\04. Caesar Cipher.csproj", "{FECCBA8A-4E86-4904-BABA-7571CCEFD399}"
EndProject
Project("{FAE04EC0-301F-11D3-BF4B-00C04F79EFBC}") = "05. Multiply Big Number", "05. Multiply Big Number\05. Multiply Big Number.csproj", "{2C61707A-2F92-4C20-A833-E5408996B319}"
EndProject
Project("{FAE04EC0-301F-11D3-BF4B-00C04F79EFBC}") = "06. Replace Repeating Chars", "06. Replace Repeating Chars\06. Replace Repeating Chars.csproj", "{B8E5C609-7282-4D64-9324-C8420FBD84DC}"
EndProject
Project("{FAE04EC0-301F-11D3-BF4B-00C04F79EFBC}") = "07. String Explosion", "07. String Explosion\07. String Explosion.csproj", "{2C870BF4-F0AB-4749-8ECD-710CCE0CCF57}"
EndProject
Project("{FAE04EC0-301F-11D3-BF4B-00C04F79EFBC}") = "08. Letters Change Numbers", "08. Letters Change Numbers\08. Letters Change Numbers.csproj", "{C9B0C475-47E9-468F-A75D-9807D85312E1}"
EndProject
Global
	GlobalSection(SolutionConfigurationPlatforms) = preSolution
		Debug|Any CPU = Debug|Any CPU
		Release|Any CPU = Release|Any CPU
	EndGlobalSection
	GlobalSection(ProjectConfigurationPlatforms) = postSolution
		{2FB8993A-8516-4E89-96A3-6249F8A76C9C}.Debug|Any CPU.ActiveCfg = Debug|Any CPU
		{2FB8993A-8516-4E89-96A3-6249F8A76C9C}.Debug|Any CPU.Build.0 = Debug|Any CPU
		{2FB8993A-8516-4E89-96A3-6249F8A76C9C}.Release|Any CPU.ActiveCfg = Release|Any CPU
		{2FB8993A-8516-4E89-96A3-6249F8A76C9C}.Release|Any CPU.Build.0 = Release|Any CPU
		{8A5CB8F3-CF68-4D07-AC81-F11A7365C15B}.Debug|Any CPU.ActiveCfg = Debug|Any CPU
		{8A5CB8F3-CF68-4D07-AC81-F11A7365C15B}.Debug|Any CPU.Build.0 = Debug|Any CPU
		{8A5CB8F3-CF68-4D07-AC81-F11A7365C15B}.Release|Any CPU.ActiveCfg = Release|Any CPU
		{8A5CB8F3-CF68-4D07-AC81-F11A7365C15B}.Release|Any CPU.Build.0 = Release|Any CPU
		{BB09B0EF-F231-4DF7-A83B-EA8C61280F3D}.Debug|Any CPU.ActiveCfg = Debug|Any CPU
		{BB09B0EF-F231-4DF7-A83B-EA8C61280F3D}.Debug|Any CPU.Build.0 = Debug|Any CPU
		{BB09B0EF-F231-4DF7-A83B-EA8C61280F3D}.Release|Any CPU.ActiveCfg = Release|Any CPU
		{BB09B0EF-F231-4DF7-A83B-EA8C61280F3D}.Release|Any CPU.Build.0 = Release|Any CPU
		{FECCBA8A-4E86-4904-BABA-7571CCEFD399}.Debug|Any CPU.ActiveCfg = Debug|Any CPU
		{FECCBA8A-4E86-4904-BABA-7571CCEFD399}.Debug|Any CPU.Build.0 = Debug|Any CPU
		{FECCBA8A-4E86-4904-BABA-7571CCEFD399}.Release|Any CPU.ActiveCfg = Release|Any CPU
		{FECCBA8A-4E86-4904-BABA-7571CCEFD399}.Release|Any CPU.Build.0 = Release|Any CPU
		{2C61707A-2F92-4C20-A833-E5408996B319}.Debug|Any CPU.ActiveCfg = Debug|Any CPU
		{2C61707A-2F92-4C20-A833-E5408996B319}.Debug|Any CPU.Build.0 = Debug|Any CPU
		{2C61707A-2F92-4C20-A833-E5408996B319}.Release|Any CPU.ActiveCfg = Release|Any CPU
		{2C61707A-2F92-4C20-A833-E5408996B319}.Release|Any CPU.Build.0 = Release|Any CPU
		{B8E5C609-7282-4D64-9324-C8420FBD84DC}.Debug|Any CPU.ActiveCfg = Debug|Any CPU
		{B8E5C609-7282-4D64-9324-C8420FBD84DC}.Debug|Any CPU.Build.0 = Debug|Any CPU
		{B8E5C609-7282-4D64-9324-C8420FBD84DC}.Release|Any CPU.ActiveCfg = Release|Any CPU
		{B8E5C609-7282-4D64-9324-C8420FBD84DC}.Release|Any CPU.Build.0 = Release|Any CPU
		{2C870BF4-F0AB-4749-8ECD-710CCE0CCF57}.Debug|Any CPU.ActiveCfg = Debug|Any CPU
		{2C870BF4-F0AB-4749-8ECD-710CCE0CCF57}.Debug|Any CPU.Build.0 = Debug|Any CPU
		{2C870BF4-F0AB-4749-8ECD-710CCE0CCF57}.Release|Any CPU.ActiveCfg = Release|Any CPU
		{2C870BF4-F0AB-4749-8ECD-710CCE0CCF57}.Release|Any CPU.Build.0 = Release|Any CPU
		{C9B0C475-47E9-468F-A75D-9807D85312E1}.Debug|Any CPU.ActiveCfg = Debug|Any CPU
		{C9B0C475-47E9-468F-A75D-9807D85312E1}.Debug|Any CPU.Build.0 = Debug|Any CPU
		{C9B0C475-47E9-468F-A75D-9807D85312E1}.Release|Any CPU.ActiveCfg = Release|Any CPU
		{C9B0C475-47E9-468F-A75D-9807D85312E1}.Release|Any CPU.Build.0 = Release|Any CPU
	EndGlobalSection
	GlobalSection(SolutionProperties) = preSolution
		HideSolutionNode = FALSE
	EndGlobalSection
	GlobalSection(ExtensibilityGlobals) = postSolution
		SolutionGuid = {53D2B8DB-3555-4ECF-A616-35F86A364399}
	EndGlobalSection
EndGlobal
